
Microsoft Visual Studio Solution File, Format Version 12.00
# Visual Studio Version 17
VisualStudioVersion = 17.0.31903.59
MinimumVisualStudioVersion = 10.0.40219.1
Project("{FAE04EC0-301F-11D3-BF4B-00C04F79EFBC}") = "CoreLoader", "CoreLoader\CoreLoader.csproj", "{BD101F8D-7A2E-46E5-AF54-A9C98F4FBE60}"
EndProject
Project("{2150E333-8FDC-42A3-9474-1A3956D46DE8}") = "Examples", "Examples", "{B36A84DF-456D-A817-6EDD-3EC3E7F6E11F}"
EndProject
Project("{FAE04EC0-301F-11D3-BF4B-00C04F79EFBC}") = "HelloMod", "Examples\HelloMod\HelloMod.csproj", "{E96DEA3E-87BB-48F7-B032-E81A1B76AFC6}"
EndProject
Project("{2150E333-8FDC-42A3-9474-1A3956D46DE8}") = "Tests", "Tests", "{0AB3BF05-4346-4AA6-1389-037BE0695223}"
EndProject
Project("{FAE04EC0-301F-11D3-BF4B-00C04F79EFBC}") = "FaultyGuiMod", "Tests\FaultyGuiMod\FaultyGuiMod.csproj", "{CF915D00-4D46-4D51-A251-FD5A98C170DB}"
EndProject
Project("{2150E333-8FDC-42A3-9474-1A3956D46DE8}") = "Mods", "Mods", "{ED7DE66D-1FF1-BCCD-393E-2D4AFCA661A0}"
EndProject
Project("{FAE04EC0-301F-11D3-BF4B-00C04F79EFBC}") = "ScriptSpy", "Mods\ScriptSpy\ScriptSpy.csproj", "{AAB13C28-4694-4EEC-A80B-626F200A1C74}"
EndProject
Project("{FAE04EC0-301F-11D3-BF4B-00C04F79EFBC}") = "SpeedControl", "Mods\SpeedControl\SpeedControl.csproj", "{F0157804-9F39-46D8-B4E4-AC99D8404D6E}"
EndProject
Project("{FAE04EC0-301F-11D3-BF4B-00C04F79EFBC}") = "DwarfBoost", "Mods\DwarfBoost\DwarfBoost.csproj", "{616199AF-4D0D-4718-B216-9F74FFCFDCF1}"
EndProject
Project("{FAE04EC0-301F-11D3-BF4B-00C04F79EFBC}") = "StoneshardBoost", "Mods\StoneshardBoost\StoneshardBoost.csproj", "{36856743-CEF6-4B27-9301-90BBF54E9BFF}"
EndProject
Project("{FAE04EC0-301F-11D3-BF4B-00C04F79EFBC}") = "InteropExample", "Examples\InteropExample\InteropExample.csproj", "{3A963A66-7174-4826-A397-5545B4B96781}"
EndProject
Project("{FAE04EC0-301F-11D3-BF4B-00C04F79EFBC}") = "XpProbe", "Tests\XpProbe\XpProbe.csproj", "{5C24D84E-8987-459B-83D6-A3D48EF2FC58}"
EndProject
Project("{FAE04EC0-301F-11D3-BF4B-00C04F79EFBC}") = "ValueProbe", "Tests\ValueProbe\ValueProbe.csproj", "{EC8AFBAA-4A74-4DC0-B87C-6E1AD1E8F593}"
EndProject
Project("{FAE04EC0-301F-11D3-BF4B-00C04F79EFBC}") = "Console", "Mods\Console\Console.csproj", "{595566C3-896D-4288-918A-C2D0D9B7C2C0}"
EndProject
Project("{FAE04EC0-301F-11D3-BF4B-00C04F79EFBC}") = "ContentDemo", "Mods\ContentDemo\ContentDemo.csproj", "{4C16DB6A-E076-4B38-B62D-3605FF6ACB0B}"
EndProject
Project("{FAE04EC0-301F-11D3-BF4B-00C04F79EFBC}") = "StructProbe", "Tests\StructProbe\StructProbe.csproj", "{16E83DA9-2E60-4A8B-B42C-0080E0E7E94D}"
EndProject
Project("{FAE04EC0-301F-11D3-BF4B-00C04F79EFBC}") = "WidgetProbe", "Tests\WidgetProbe\WidgetProbe.csproj", "{59B580B3-766B-47EA-8024-6F63EF4FC38A}"
EndProject
Project("{FAE04EC0-301F-11D3-BF4B-00C04F79EFBC}") = "StoneshardCheats", "Mods\StoneshardCheats\StoneshardCheats.csproj", "{3910C690-29EF-4062-9EDC-D903241E343F}"
EndProject
Project("{FAE04EC0-301F-11D3-BF4B-00C04F79EFBC}") = "CoreLoader.Analyzers", "CoreLoader.Analyzers\CoreLoader.Analyzers.csproj", "{75CA6B86-F388-4A7D-BC56-8F811D157F9A}"
EndProject
Project("{FAE04EC0-301F-11D3-BF4B-00C04F79EFBC}") = "CoreLoader.Analyzers.Tests", "CoreLoader.Analyzers.Tests\CoreLoader.Analyzers.Tests.csproj", "{5201FB09-8033-4F97-BA74-A0403A24AE83}"
EndProject
Project("{FAE04EC0-301F-11D3-BF4B-00C04F79EFBC}") = "Reliquary", "Mods\Reliquary\Reliquary.csproj", "{6DB5789B-9398-45CE-8C08-26079376D46D}"
EndProject
Project("{FAE04EC0-301F-11D3-BF4B-00C04F79EFBC}") = "FastTravel", "Mods\FastTravel\FastTravel.csproj", "{BDB80F07-6E9D-4097-9505-403259BF5359}"
EndProject
Project("{FAE04EC0-301F-11D3-BF4B-00C04F79EFBC}") = "TavernGames", "Mods\TavernGames\TavernGames.csproj", "{B80B779D-AF64-4121-B031-47AB5442143E}"
EndProject
Project("{FAE04EC0-301F-11D3-BF4B-00C04F79EFBC}") = "StoneshardTrials", "Mods\StoneshardTrials\StoneshardTrials.csproj", "{E887674C-407D-4569-AB07-945A0E27B21B}"
EndProject
Project("{FAE04EC0-301F-11D3-BF4B-00C04F79EFBC}") = "ModMenu", "Mods\ModMenu\ModMenu.csproj", "{D7E05D4B-4322-4D12-8182-D34103E302A5}"
EndProject
Global
	GlobalSection(SolutionConfigurationPlatforms) = preSolution
		Debug|Any CPU = Debug|Any CPU
		Debug|x64 = Debug|x64
		Debug|x86 = Debug|x86
		Release|Any CPU = Release|Any CPU
		Release|x64 = Release|x64
		Release|x86 = Release|x86
	EndGlobalSection
	GlobalSection(ProjectConfigurationPlatforms) = postSolution
		{BD101F8D-7A2E-46E5-AF54-A9C98F4FBE60}.Debug|Any CPU.ActiveCfg = Debug|x64
		{BD101F8D-7A2E-46E5-AF54-A9C98F4FBE60}.Debug|Any CPU.Build.0 = Debug|x64
		{BD101F8D-7A2E-46E5-AF54-A9C98F4FBE60}.Debug|x64.ActiveCfg = Debug|x64
		{BD101F8D-7A2E-46E5-AF54-A9C98F4FBE60}.Debug|x64.Build.0 = Debug|x64
		{BD101F8D-7A2E-46E5-AF54-A9C98F4FBE60}.Debug|x86.ActiveCfg = Debug|x64
		{BD101F8D-7A2E-46E5-AF54-A9C98F4FBE60}.Debug|x86.Build.0 = Debug|x64
		{BD101F8D-7A2E-46E5-AF54-A9C98F4FBE60}.Release|Any CPU.ActiveCfg = Release|x64
		{BD101F8D-7A2E-46E5-AF54-A9C98F4FBE60}.Release|Any CPU.Build.0 = Release|x64
		{BD101F8D-7A2E-46E5-AF54-A9C98F4FBE60}.Release|x64.ActiveCfg = Release|x64
		{BD101F8D-7A2E-46E5-AF54-A9C98F4FBE60}.Release|x64.Build.0 = Release|x64
		{BD101F8D-7A2E-46E5-AF54-A9C98F4FBE60}.Release|x86.ActiveCfg = Release|x64
		{BD101F8D-7A2E-46E5-AF54-A9C98F4FBE60}.Release|x86.Build.0 = Release|x64
		{E96DEA3E-87BB-48F7-B032-E81A1B76AFC6}.Debug|Any CPU.ActiveCfg = Debug|x64
		{E96DEA3E-87BB-48F7-B032-E81A1B76AFC6}.Debug|Any CPU.Build.0 = Debug|x64
		{E96DEA3E-87BB-48F7-B032-E81A1B76AFC6}.Debug|x64.ActiveCfg = Debug|x64
		{E96DEA3E-87BB-48F7-B032-E81A1B76AFC6}.Debug|x64.Build.0 = Debug|x64
		{E96DEA3E-87BB-48F7-B032-E81A1B76AFC6}.Debug|x86.ActiveCfg = Debug|x64
		{E96DEA3E-87BB-48F7-B032-E81A1B76AFC6}.Debug|x86.Build.0 = Debug|x64
		{E96DEA3E-87BB-48F7-B032-E81A1B76AFC6}.Release|Any CPU.ActiveCfg = Release|x64
		{E96DEA3E-87BB-48F7-B032-E81A1B76AFC6}.Release|Any CPU.Build.0 = Release|x64
		{E96DEA3E-87BB-48F7-B032-E81A1B76AFC6}.Release|x64.ActiveCfg = Release|x64
		{E96DEA3E-87BB-48F7-B032-E81A1B76AFC6}.Release|x64.Build.0 = Release|x64
		{E96DEA3E-87BB-48F7-B032-E81A1B76AFC6}.Release|x86.ActiveCfg = Release|x64
		{E96DEA3E-87BB-48F7-B032-E81A1B76AFC6}.Release|x86.Build.0 = Release|x64
		{CF915D00-4D46-4D51-A251-FD5A98C170DB}.Debug|Any CPU.ActiveCfg = Debug|x64
		{CF915D00-4D46-4D51-A251-FD5A98C170DB}.Debug|Any CPU.Build.0 = Debug|x64
		{CF915D00-4D46-4D51-A251-FD5A98C170DB}.Debug|x64.ActiveCfg = Debug|x64
		{CF915D00-4D46-4D51-A251-FD5A98C170DB}.Debug|x64.Build.0 = Debug|x64
		{CF915D00-4D46-4D51-A251-FD5A98C170DB}.Debug|x86.ActiveCfg = Debug|x64
		{CF915D00-4D46-4D51-A251-FD5A98C170DB}.Debug|x86.Build.0 = Debug|x64
		{CF915D00-4D46-4D51-A251-FD5A98C170DB}.Release|Any CPU.ActiveCfg = Release|x64
		{CF915D00-4D46-4D51-A251-FD5A98C170DB}.Release|Any CPU.Build.0 = Release|x64
		{CF915D00-4D46-4D51-A251-FD5A98C170DB}.Release|x64.ActiveCfg = Release|x64
		{CF915D00-4D46-4D51-A251-FD5A98C170DB}.Release|x64.Build.0 = Release|x64
		{CF915D00-4D46-4D51-A251-FD5A98C170DB}.Release|x86.ActiveCfg = Release|x64
		{CF915D00-4D46-4D51-A251-FD5A98C170DB}.Release|x86.Build.0 = Release|x64
		{AAB13C28-4694-4EEC-A80B-626F200A1C74}.Debug|Any CPU.ActiveCfg = Debug|x64
		{AAB13C28-4694-4EEC-A80B-626F200A1C74}.Debug|Any CPU.Build.0 = Debug|x64
		{AAB13C28-4694-4EEC-A80B-626F200A1C74}.Debug|x64.ActiveCfg = Debug|x64
		{AAB13C28-4694-4EEC-A80B-626F200A1C74}.Debug|x64.Build.0 = Debug|x64
		{AAB13C28-4694-4EEC-A80B-626F200A1C74}.Debug|x86.ActiveCfg = Debug|x64
		{AAB13C28-4694-4EEC-A80B-626F200A1C74}.Debug|x86.Build.0 = Debug|x64
		{AAB13C28-4694-4EEC-A80B-626F200A1C74}.Release|Any CPU.ActiveCfg = Release|x64
		{AAB13C28-4694-4EEC-A80B-626F200A1C74}.Release|Any CPU.Build.0 = Release|x64
		{AAB13C28-4694-4EEC-A80B-626F200A1C74}.Release|x64.ActiveCfg = Release|x64
		{AAB13C28-4694-4EEC-A80B-626F200A1C74}.Release|x64.Build.0 = Release|x64
		{AAB13C28-4694-4EEC-A80B-626F200A1C74}.Release|x86.ActiveCfg = Release|x64
		{AAB13C28-4694-4EEC-A80B-626F200A1C74}.Release|x86.Build.0 = Release|x64
		{F0157804-9F39-46D8-B4E4-AC99D8404D6E}.Debug|Any CPU.ActiveCfg = Debug|x64
		{F0157804-9F39-46D8-B4E4-AC99D8404D6E}.Debug|Any CPU.Build.0 = Debug|x64
		{F0157804-9F39-46D8-B4E4-AC99D8404D6E}.Debug|x64.ActiveCfg = Debug|x64
		{F0157804-9F39-46D8-B4E4-AC99D8404D6E}.Debug|x64.Build.0 = Debug|x64
		{F0157804-9F39-46D8-B4E4-AC99D8404D6E}.Debug|x86.ActiveCfg = Debug|x64
		{F0157804-9F39-46D8-B4E4-AC99D8404D6E}.Debug|x86.Build.0 = Debug|x64
		{F0157804-9F39-46D8-B4E4-AC99D8404D6E}.Release|Any CPU.ActiveCfg = Release|x64
		{F0157804-9F39-46D8-B4E4-AC99D8404D6E}.Release|Any CPU.Build.0 = Release|x64
		{F0157804-9F39-46D8-B4E4-AC99D8404D6E}.Release|x64.ActiveCfg = Release|x64
		{F0157804-9F39-46D8-B4E4-AC99D8404D6E}.Release|x64.Build.0 = Release|x64
		{F0157804-9F39-46D8-B4E4-AC99D8404D6E}.Release|x86.ActiveCfg = Release|x64
		{F0157804-9F39-46D8-B4E4-AC99D8404D6E}.Release|x86.Build.0 = Release|x64
		{616199AF-4D0D-4718-B216-9F74FFCFDCF1}.Debug|Any CPU.ActiveCfg = Debug|x64
		{616199AF-4D0D-4718-B216-9F74FFCFDCF1}.Debug|Any CPU.Build.0 = Debug|x64
		{616199AF-4D0D-4718-B216-9F74FFCFDCF1}.Debug|x64.ActiveCfg = Debug|x64
		{616199AF-4D0D-4718-B216-9F74FFCFDCF1}.Debug|x64.Build.0 = Debug|x64
		{616199AF-4D0D-4718-B216-9F74FFCFDCF1}.Debug|x86.ActiveCfg = Debug|x64
		{616199AF-4D0D-4718-B216-9F74FFCFDCF1}.Debug|x86.Build.0 = Debug|x64
		{616199AF-4D0D-4718-B216-9F74FFCFDCF1}.Release|Any CPU.ActiveCfg = Release|x64
		{616199AF-4D0D-4718-B216-9F74FFCFDCF1}.Release|Any CPU.Build.0 = Release|x64
		{616199AF-4D0D-4718-B216-9F74FFCFDCF1}.Release|x64.ActiveCfg = Release|x64
		{616199AF-4D0D-4718-B216-9F74FFCFDCF1}.Release|x64.Build.0 = Release|x64
		{616199AF-4D0D-4718-B216-9F74FFCFDCF1}.Release|x86.ActiveCfg = Release|x64
		{616199AF-4D0D-4718-B216-9F74FFCFDCF1}.Release|x86.Build.0 = Release|x64
		{36856743-CEF6-4B27-9301-90BBF54E9BFF}.Debug|Any CPU.ActiveCfg = Debug|x64
		{36856743-CEF6-4B27-9301-90BBF54E9BFF}.Debug|Any CPU.Build.0 = Debug|x64
		{36856743-CEF6-4B27-9301-90BBF54E9BFF}.Debug|x64.ActiveCfg = Debug|x64
		{36856743-CEF6-4B27-9301-90BBF54E9BFF}.Debug|x64.Build.0 = Debug|x64
		{36856743-CEF6-4B27-9301-90BBF54E9BFF}.Debug|x86.ActiveCfg = Debug|x64
		{36856743-CEF6-4B27-9301-90BBF54E9BFF}.Debug|x86.Build.0 = Debug|x64
		{36856743-CEF6-4B27-9301-90BBF54E9BFF}.Release|Any CPU.ActiveCfg = Release|x64
		{36856743-CEF6-4B27-9301-90BBF54E9BFF}.Release|Any CPU.Build.0 = Release|x64
		{36856743-CEF6-4B27-9301-90BBF54E9BFF}.Release|x64.ActiveCfg = Release|x64
		{36856743-CEF6-4B27-9301-90BBF54E9BFF}.Release|x64.Build.0 = Release|x64
		{36856743-CEF6-4B27-9301-90BBF54E9BFF}.Release|x86.ActiveCfg = Release|x64
		{36856743-CEF6-4B27-9301-90BBF54E9BFF}.Release|x86.Build.0 = Release|x64
		{3A963A66-7174-4826-A397-5545B4B96781}.Debug|Any CPU.ActiveCfg = Debug|x64
		{3A963A66-7174-4826-A397-5545B4B96781}.Debug|Any CPU.Build.0 = Debug|x64
		{3A963A66-7174-4826-A397-5545B4B96781}.Debug|x64.ActiveCfg = Debug|x64
		{3A963A66-7174-4826-A397-5545B4B96781}.Debug|x64.Build.0 = Debug|x64
		{3A963A66-7174-4826-A397-5545B4B96781}.Debug|x86.ActiveCfg = Debug|x64
		{3A963A66-7174-4826-A397-5545B4B96781}.Debug|x86.Build.0 = Debug|x64
		{3A963A66-7174-4826-A397-5545B4B96781}.Release|Any CPU.ActiveCfg = Release|x64
		{3A963A66-7174-4826-A397-5545B4B96781}.Release|Any CPU.Build.0 = Release|x64
		{3A963A66-7174-4826-A397-5545B4B96781}.Release|x64.ActiveCfg = Release|x64
		{3A963A66-7174-4826-A397-5545B4B96781}.Release|x64.Build.0 = Release|x64
		{3A963A66-7174-4826-A397-5545B4B96781}.Release|x86.ActiveCfg = Release|x64
		{3A963A66-7174-4826-A397-5545B4B96781}.Release|x86.Build.0 = Release|x64
		{5C24D84E-8987-459B-83D6-A3D48EF2FC58}.Debug|Any CPU.ActiveCfg = Debug|x64
		{5C24D84E-8987-459B-83D6-A3D48EF2FC58}.Debug|Any CPU.Build.0 = Debug|x64
		{5C24D84E-8987-459B-83D6-A3D48EF2FC58}.Debug|x64.ActiveCfg = Debug|x64
		{5C24D84E-8987-459B-83D6-A3D48EF2FC58}.Debug|x64.Build.0 = Debug|x64
		{5C24D84E-8987-459B-83D6-A3D48EF2FC58}.Debug|x86.ActiveCfg = Debug|x64
		{5C24D84E-8987-459B-83D6-A3D48EF2FC58}.Debug|x86.Build.0 = Debug|x64
		{5C24D84E-8987-459B-83D6-A3D48EF2FC58}.Release|Any CPU.ActiveCfg = Release|x64
		{5C24D84E-8987-459B-83D6-A3D48EF2FC58}.Release|Any CPU.Build.0 = Release|x64
		{5C24D84E-8987-459B-83D6-A3D48EF2FC58}.Release|x64.ActiveCfg = Release|x64
		{5C24D84E-8987-459B-83D6-A3D48EF2FC58}.Release|x64.Build.0 = Release|x64
		{5C24D84E-8987-459B-83D6-A3D48EF2FC58}.Release|x86.ActiveCfg = Release|x64
		{5C24D84E-8987-459B-83D6-A3D48EF2FC58}.Release|x86.Build.0 = Release|x64
		{EC8AFBAA-4A74-4DC0-B87C-6E1AD1E8F593}.Debug|Any CPU.ActiveCfg = Debug|x64
		{EC8AFBAA-4A74-4DC0-B87C-6E1AD1E8F593}.Debug|Any CPU.Build.0 = Debug|x64
		{EC8AFBAA-4A74-4DC0-B87C-6E1AD1E8F593}.Debug|x64.ActiveCfg = Debug|x64
		{EC8AFBAA-4A74-4DC0-B87C-6E1AD1E8F593}.Debug|x64.Build.0 = Debug|x64
		{EC8AFBAA-4A74-4DC0-B87C-6E1AD1E8F593}.Debug|x86.ActiveCfg = Debug|x64
		{EC8AFBAA-4A74-4DC0-B87C-6E1AD1E8F593}.Debug|x86.Build.0 = Debug|x64
		{EC8AFBAA-4A74-4DC0-B87C-6E1AD1E8F593}.Release|Any CPU.ActiveCfg = Release|x64
		{EC8AFBAA-4A74-4DC0-B87C-6E1AD1E8F593}.Release|Any CPU.Build.0 = Release|x64
		{EC8AFBAA-4A74-4DC0-B87C-6E1AD1E8F593}.Release|x64.ActiveCfg = Release|x64
		{EC8AFBAA-4A74-4DC0-B87C-6E1AD1E8F593}.Release|x64.Build.0 = Release|x64
		{EC8AFBAA-4A74-4DC0-B87C-6E1AD1E8F593}.Release|x86.ActiveCfg = Release|x64
		{EC8AFBAA-4A74-4DC0-B87C-6E1AD1E8F593}.Release|x86.Build.0 = Release|x64
		{595566C3-896D-4288-918A-C2D0D9B7C2C0}.Debug|Any CPU.ActiveCfg = Debug|x64
		{595566C3-896D-4288-918A-C2D0D9B7C2C0}.Debug|Any CPU.Build.0 = Debug|x64
		{595566C3-896D-4288-918A-C2D0D9B7C2C0}.Debug|x64.ActiveCfg = Debug|x64
		{595566C3-896D-4288-918A-C2D0D9B7C2C0}.Debug|x64.Build.0 = Debug|x64
		{595566C3-896D-4288-918A-C2D0D9B7C2C0}.Debug|x86.ActiveCfg = Debug|x64
		{595566C3-896D-4288-918A-C2D0D9B7C2C0}.Debug|x86.Build.0 = Debug|x64
		{595566C3-896D-4288-918A-C2D0D9B7C2C0}.Release|Any CPU.ActiveCfg = Release|x64
		{595566C3-896D-4288-918A-C2D0D9B7C2C0}.Release|Any CPU.Build.0 = Release|x64
		{595566C3-896D-4288-918A-C2D0D9B7C2C0}.Release|x64.ActiveCfg = Release|x64
		{595566C3-896D-4288-918A-C2D0D9B7C2C0}.Release|x64.Build.0 = Release|x64
		{595566C3-896D-4288-918A-C2D0D9B7C2C0}.Release|x86.ActiveCfg = Release|x64
		{595566C3-896D-4288-918A-C2D0D9B7C2C0}.Release|x86.Build.0 = Release|x64
		{4C16DB6A-E076-4B38-B62D-3605FF6ACB0B}.Debug|Any CPU.ActiveCfg = Debug|x64
		{4C16DB6A-E076-4B38-B62D-3605FF6ACB0B}.Debug|Any CPU.Build.0 = Debug|x64
		{4C16DB6A-E076-4B38-B62D-3605FF6ACB0B}.Debug|x64.ActiveCfg = Debug|x64
		{4C16DB6A-E076-4B38-B62D-3605FF6ACB0B}.Debug|x64.Build.0 = Debug|x64
		{4C16DB6A-E076-4B38-B62D-3605FF6ACB0B}.Debug|x86.ActiveCfg = Debug|x64
		{4C16DB6A-E076-4B38-B62D-3605FF6ACB0B}.Debug|x86.Build.0 = Debug|x64
		{4C16DB6A-E076-4B38-B62D-3605FF6ACB0B}.Release|Any CPU.ActiveCfg = Release|x64
		{4C16DB6A-E076-4B38-B62D-3605FF6ACB0B}.Release|Any CPU.Build.0 = Release|x64
		{4C16DB6A-E076-4B38-B62D-3605FF6ACB0B}.Release|x64.ActiveCfg = Release|x64
		{4C16DB6A-E076-4B38-B62D-3605FF6ACB0B}.Release|x64.Build.0 = Release|x64
		{4C16DB6A-E076-4B38-B62D-3605FF6ACB0B}.Release|x86.ActiveCfg = Release|x64
		{4C16DB6A-E076-4B38-B62D-3605FF6ACB0B}.Release|x86.Build.0 = Release|x64
		{16E83DA9-2E60-4A8B-B42C-0080E0E7E94D}.Debug|Any CPU.ActiveCfg = Debug|x64
		{16E83DA9-2E60-4A8B-B42C-0080E0E7E94D}.Debug|Any CPU.Build.0 = Debug|x64
		{16E83DA9-2E60-4A8B-B42C-0080E0E7E94D}.Debug|x64.ActiveCfg = Debug|x64
		{16E83DA9-2E60-4A8B-B42C-0080E0E7E94D}.Debug|x64.Build.0 = Debug|x64
		{16E83DA9-2E60-4A8B-B42C-0080E0E7E94D}.Debug|x86.ActiveCfg = Debug|x64
		{16E83DA9-2E60-4A8B-B42C-0080E0E7E94D}.Debug|x86.Build.0 = Debug|x64
		{16E83DA9-2E60-4A8B-B42C-0080E0E7E94D}.Release|Any CPU.ActiveCfg = Release|x64
		{16E83DA9-2E60-4A8B-B42C-0080E0E7E94D}.Release|Any CPU.Build.0 = Release|x64
		{16E83DA9-2E60-4A8B-B42C-0080E0E7E94D}.Release|x64.ActiveCfg = Release|x64
		{16E83DA9-2E60-4A8B-B42C-0080E0E7E94D}.Release|x64.Build.0 = Release|x64
		{16E83DA9-2E60-4A8B-B42C-0080E0E7E94D}.Release|x86.ActiveCfg = Release|x64
		{16E83DA9-2E60-4A8B-B42C-0080E0E7E94D}.Release|x86.Build.0 = Release|x64
		{59B580B3-766B-47EA-8024-6F63EF4FC38A}.Debug|Any CPU.ActiveCfg = Debug|x64
		{59B580B3-766B-47EA-8024-6F63EF4FC38A}.Debug|Any CPU.Build.0 = Debug|x64
		{59B580B3-766B-47EA-8024-6F63EF4FC38A}.Debug|x64.ActiveCfg = Debug|x64
		{59B580B3-766B-47EA-8024-6F63EF4FC38A}.Debug|x64.Build.0 = Debug|x64
		{59B580B3-766B-47EA-8024-6F63EF4FC38A}.Debug|x86.ActiveCfg = Debug|x64
		{59B580B3-766B-47EA-8024-6F63EF4FC38A}.Debug|x86.Build.0 = Debug|x64
		{59B580B3-766B-47EA-8024-6F63EF4FC38A}.Release|Any CPU.ActiveCfg = Release|x64
		{59B580B3-766B-47EA-8024-6F63EF4FC38A}.Release|Any CPU.Build.0 = Release|x64
		{59B580B3-766B-47EA-8024-6F63EF4FC38A}.Release|x64.ActiveCfg = Release|x64
		{59B580B3-766B-47EA-8024-6F63EF4FC38A}.Release|x64.Build.0 = Release|x64
		{59B580B3-766B-47EA-8024-6F63EF4FC38A}.Release|x86.ActiveCfg = Release|x64
		{59B580B3-766B-47EA-8024-6F63EF4FC38A}.Release|x86.Build.0 = Release|x64
		{3910C690-29EF-4062-9EDC-D903241E343F}.Debug|Any CPU.ActiveCfg = Debug|x64
		{3910C690-29EF-4062-9EDC-D903241E343F}.Debug|Any CPU.Build.0 = Debug|x64
		{3910C690-29EF-4062-9EDC-D903241E343F}.Debug|x64.ActiveCfg = Debug|x64
		{3910C690-29EF-4062-9EDC-D903241E343F}.Debug|x64.Build.0 = Debug|x64
		{3910C690-29EF-4062-9EDC-D903241E343F}.Debug|x86.ActiveCfg = Debug|x64
		{3910C690-29EF-4062-9EDC-D903241E343F}.Debug|x86.Build.0 = Debug|x64
		{3910C690-29EF-4062-9EDC-D903241E343F}.Release|Any CPU.ActiveCfg = Release|x64
		{3910C690-29EF-4062-9EDC-D903241E343F}.Release|Any CPU.Build.0 = Release|x64
		{3910C690-29EF-4062-9EDC-D903241E343F}.Release|x64.ActiveCfg = Release|x64
		{3910C690-29EF-4062-9EDC-D903241E343F}.Release|x64.Build.0 = Release|x64
		{3910C690-29EF-4062-9EDC-D903241E343F}.Release|x86.ActiveCfg = Release|x64
		{3910C690-29EF-4062-9EDC-D903241E343F}.Release|x86.Build.0 = Release|x64
		{75CA6B86-F388-4A7D-BC56-8F811D157F9A}.Debug|Any CPU.ActiveCfg = Debug|x64
		{75CA6B86-F388-4A7D-BC56-8F811D157F9A}.Debug|Any CPU.Build.0 = Debug|x64
		{75CA6B86-F388-4A7D-BC56-8F811D157F9A}.Debug|x64.ActiveCfg = Debug|x64
		{75CA6B86-F388-4A7D-BC56-8F811D157F9A}.Debug|x64.Build.0 = Debug|x64
		{75CA6B86-F388-4A7D-BC56-8F811D157F9A}.Debug|x86.ActiveCfg = Debug|x64
		{75CA6B86-F388-4A7D-BC56-8F811D157F9A}.Debug|x86.Build.0 = Debug|x64
		{75CA6B86-F388-4A7D-BC56-8F811D157F9A}.Release|Any CPU.ActiveCfg = Release|x64
		{75CA6B86-F388-4A7D-BC56-8F811D157F9A}.Release|Any CPU.Build.0 = Release|x64
		{75CA6B86-F388-4A7D-BC56-8F811D157F9A}.Release|x64.ActiveCfg = Release|x64
		{75CA6B86-F388-4A7D-BC56-8F811D157F9A}.Release|x64.Build.0 = Release|x64
		{75CA6B86-F388-4A7D-BC56-8F811D157F9A}.Release|x86.ActiveCfg = Release|x64
		{75CA6B86-F388-4A7D-BC56-8F811D157F9A}.Release|x86.Build.0 = Release|x64
		{5201FB09-8033-4F97-BA74-A0403A24AE83}.Debug|Any CPU.ActiveCfg = Debug|x64
		{5201FB09-8033-4F97-BA74-A0403A24AE83}.Debug|Any CPU.Build.0 = Debug|x64
		{5201FB09-8033-4F97-BA74-A0403A24AE83}.Debug|x64.ActiveCfg = Debug|x64
		{5201FB09-8033-4F97-BA74-A0403A24AE83}.Debug|x64.Build.0 = Debug|x64
		{5201FB09-8033-4F97-BA74-A0403A24AE83}.Debug|x86.ActiveCfg = Debug|x64
		{5201FB09-8033-4F97-BA74-A0403A24AE83}.Debug|x86.Build.0 = Debug|x64
		{5201FB09-8033-4F97-BA74-A0403A24AE83}.Release|Any CPU.ActiveCfg = Release|x64
		{5201FB09-8033-4F97-BA74-A0403A24AE83}.Release|Any CPU.Build.0 = Release|x64
		{5201FB09-8033-4F97-BA74-A0403A24AE83}.Release|x64.ActiveCfg = Release|x64
		{5201FB09-8033-4F97-BA74-A0403A24AE83}.Release|x64.Build.0 = Release|x64
		{5201FB09-8033-4F97-BA74-A0403A24AE83}.Release|x86.ActiveCfg = Release|x64
		{5201FB09-8033-4F97-BA74-A0403A24AE83}.Release|x86.Build.0 = Release|x64
		{6DB5789B-9398-45CE-8C08-26079376D46D}.Debug|Any CPU.ActiveCfg = Debug|x64
		{6DB5789B-9398-45CE-8C08-26079376D46D}.Debug|Any CPU.Build.0 = Debug|x64
		{6DB5789B-9398-45CE-8C08-26079376D46D}.Debug|x64.ActiveCfg = Debug|x64
		{6DB5789B-9398-45CE-8C08-26079376D46D}.Debug|x64.Build.0 = Debug|x64
		{6DB5789B-9398-45CE-8C08-26079376D46D}.Debug|x86.ActiveCfg = Debug|x64
		{6DB5789B-9398-45CE-8C08-26079376D46D}.Debug|x86.Build.0 = Debug|x64
		{6DB5789B-9398-45CE-8C08-26079376D46D}.Release|Any CPU.ActiveCfg = Release|x64
		{6DB5789B-9398-45CE-8C08-26079376D46D}.Release|Any CPU.Build.0 = Release|x64
		{6DB5789B-9398-45CE-8C08-26079376D46D}.Release|x64.ActiveCfg = Release|x64
		{6DB5789B-9398-45CE-8C08-26079376D46D}.Release|x64.Build.0 = Release|x64
		{6DB5789B-9398-45CE-8C08-26079376D46D}.Release|x86.ActiveCfg = Release|x64
		{6DB5789B-9398-45CE-8C08-26079376D46D}.Release|x86.Build.0 = Release|x64
		{BDB80F07-6E9D-4097-9505-403259BF5359}.Debug|Any CPU.ActiveCfg = Debug|x64
		{BDB80F07-6E9D-4097-9505-403259BF5359}.Debug|Any CPU.Build.0 = Debug|x64
		{BDB80F07-6E9D-4097-9505-403259BF5359}.Debug|x64.ActiveCfg = Debug|x64
		{BDB80F07-6E9D-4097-9505-403259BF5359}.Debug|x64.Build.0 = Debug|x64
		{BDB80F07-6E9D-4097-9505-403259BF5359}.Debug|x86.ActiveCfg = Debug|x64
		{BDB80F07-6E9D-4097-9505-403259BF5359}.Debug|x86.Build.0 = Debug|x64
		{BDB80F07-6E9D-4097-9505-403259BF5359}.Release|Any CPU.ActiveCfg = Release|x64
		{BDB80F07-6E9D-4097-9505-403259BF5359}.Release|Any CPU.Build.0 = Release|x64
		{BDB80F07-6E9D-4097-9505-403259BF5359}.Release|x64.ActiveCfg = Release|x64
		{BDB80F07-6E9D-4097-9505-403259BF5359}.Release|x64.Build.0 = Release|x64
		{BDB80F07-6E9D-4097-9505-403259BF5359}.Release|x86.ActiveCfg = Release|x64
		{BDB80F07-6E9D-4097-9505-403259BF5359}.Release|x86.Build.0 = Release|x64
		{B80B779D-AF64-4121-B031-47AB5442143E}.Debug|Any CPU.ActiveCfg = Debug|x64
		{B80B779D-AF64-4121-B031-47AB5442143E}.Debug|Any CPU.Build.0 = Debug|x64
		{B80B779D-AF64-4121-B031-47AB5442143E}.Debug|x64.ActiveCfg = Debug|x64
		{B80B779D-AF64-4121-B031-47AB5442143E}.Debug|x64.Build.0 = Debug|x64
		{B80B779D-AF64-4121-B031-47AB5442143E}.Debug|x86.ActiveCfg = Debug|x64
		{B80B779D-AF64-4121-B031-47AB5442143E}.Debug|x86.Build.0 = Debug|x64
		{B80B779D-AF64-4121-B031-47AB5442143E}.Release|Any CPU.ActiveCfg = Release|x64
		{B80B779D-AF64-4121-B031-47AB5442143E}.Release|Any CPU.Build.0 = Release|x64
		{B80B779D-AF64-4121-B031-47AB5442143E}.Release|x64.ActiveCfg = Release|x64
		{B80B779D-AF64-4121-B031-47AB5442143E}.Release|x64.Build.0 = Release|x64
		{B80B779D-AF64-4121-B031-47AB5442143E}.Release|x86.ActiveCfg = Release|x64
		{B80B779D-AF64-4121-B031-47AB5442143E}.Release|x86.Build.0 = Release|x64
		{E887674C-407D-4569-AB07-945A0E27B21B}.Debug|Any CPU.ActiveCfg = Debug|x64
		{E887674C-407D-4569-AB07-945A0E27B21B}.Debug|Any CPU.Build.0 = Debug|x64
		{E887674C-407D-4569-AB07-945A0E27B21B}.Debug|x64.ActiveCfg = Debug|x64
		{E887674C-407D-4569-AB07-945A0E27B21B}.Debug|x64.Build.0 = Debug|x64
		{E887674C-407D-4569-AB07-945A0E27B21B}.Debug|x86.ActiveCfg = Debug|x64
		{E887674C-407D-4569-AB07-945A0E27B21B}.Debug|x86.Build.0 = Debug|x64
		{E887674C-407D-4569-AB07-945A0E27B21B}.Release|Any CPU.ActiveCfg = Release|x64
		{E887674C-407D-4569-AB07-945A0E27B21B}.Release|Any CPU.Build.0 = Release|x64
		{E887674C-407D-4569-AB07-945A0E27B21B}.Release|x64.ActiveCfg = Release|x64
		{E887674C-407D-4569-AB07-945A0E27B21B}.Release|x64.Build.0 = Release|x64
		{E887674C-407D-4569-AB07-945A0E27B21B}.Release|x86.ActiveCfg = Release|x64
		{E887674C-407D-4569-AB07-945A0E27B21B}.Release|x86.Build.0 = Release|x64
		{D7E05D4B-4322-4D12-8182-D34103E302A5}.Debug|Any CPU.ActiveCfg = Debug|x64
		{D7E05D4B-4322-4D12-8182-D34103E302A5}.Debug|Any CPU.Build.0 = Debug|x64
		{D7E05D4B-4322-4D12-8182-D34103E302A5}.Debug|x64.ActiveCfg = Debug|x64
		{D7E05D4B-4322-4D12-8182-D34103E302A5}.Debug|x64.Build.0 = Debug|x64
		{D7E05D4B-4322-4D12-8182-D34103E302A5}.Debug|x86.ActiveCfg = Debug|x64
		{D7E05D4B-4322-4D12-8182-D34103E302A5}.Debug|x86.Build.0 = Debug|x64
		{D7E05D4B-4322-4D12-8182-D34103E302A5}.Release|Any CPU.ActiveCfg = Release|x64
		{D7E05D4B-4322-4D12-8182-D34103E302A5}.Release|Any CPU.Build.0 = Release|x64
		{D7E05D4B-4322-4D12-8182-D34103E302A5}.Release|x64.ActiveCfg = Release|x64
		{D7E05D4B-4322-4D12-8182-D34103E302A5}.Release|x64.Build.0 = Release|x64
		{D7E05D4B-4322-4D12-8182-D34103E302A5}.Release|x86.ActiveCfg = Release|x64
		{D7E05D4B-4322-4D12-8182-D34103E302A5}.Release|x86.Build.0 = Release|x64
	EndGlobalSection
	GlobalSection(SolutionProperties) = preSolution
		HideSolutionNode = FALSE
	EndGlobalSection
	GlobalSection(NestedProjects) = preSolution
		{E96DEA3E-87BB-48F7-B032-E81A1B76AFC6} = {B36A84DF-456D-A817-6EDD-3EC3E7F6E11F}
		{CF915D00-4D46-4D51-A251-FD5A98C170DB} = {0AB3BF05-4346-4AA6-1389-037BE0695223}
		{AAB13C28-4694-4EEC-A80B-626F200A1C74} = {ED7DE66D-1FF1-BCCD-393E-2D4AFCA661A0}
		{F0157804-9F39-46D8-B4E4-AC99D8404D6E} = {ED7DE66D-1FF1-BCCD-393E-2D4AFCA661A0}
		{616199AF-4D0D-4718-B216-9F74FFCFDCF1} = {ED7DE66D-1FF1-BCCD-393E-2D4AFCA661A0}
		{36856743-CEF6-4B27-9301-90BBF54E9BFF} = {ED7DE66D-1FF1-BCCD-393E-2D4AFCA661A0}
		{3A963A66-7174-4826-A397-5545B4B96781} = {B36A84DF-456D-A817-6EDD-3EC3E7F6E11F}
		{5C24D84E-8987-459B-83D6-A3D48EF2FC58} = {0AB3BF05-4346-4AA6-1389-037BE0695223}
		{EC8AFBAA-4A74-4DC0-B87C-6E1AD1E8F593} = {0AB3BF05-4346-4AA6-1389-037BE0695223}
		{595566C3-896D-4288-918A-C2D0D9B7C2C0} = {ED7DE66D-1FF1-BCCD-393E-2D4AFCA661A0}
		{4C16DB6A-E076-4B38-B62D-3605FF6ACB0B} = {ED7DE66D-1FF1-BCCD-393E-2D4AFCA661A0}
		{16E83DA9-2E60-4A8B-B42C-0080E0E7E94D} = {0AB3BF05-4346-4AA6-1389-037BE0695223}
		{59B580B3-766B-47EA-8024-6F63EF4FC38A} = {0AB3BF05-4346-4AA6-1389-037BE0695223}
		{3910C690-29EF-4062-9EDC-D903241E343F} = {ED7DE66D-1FF1-BCCD-393E-2D4AFCA661A0}
		{6DB5789B-9398-45CE-8C08-26079376D46D} = {ED7DE66D-1FF1-BCCD-393E-2D4AFCA661A0}
		{BDB80F07-6E9D-4097-9505-403259BF5359} = {ED7DE66D-1FF1-BCCD-393E-2D4AFCA661A0}
		{B80B779D-AF64-4121-B031-47AB5442143E} = {ED7DE66D-1FF1-BCCD-393E-2D4AFCA661A0}
		{E887674C-407D-4569-AB07-945A0E27B21B} = {ED7DE66D-1FF1-BCCD-393E-2D4AFCA661A0}
		{D7E05D4B-4322-4D12-8182-D34103E302A5} = {ED7DE66D-1FF1-BCCD-393E-2D4AFCA661A0}
	EndGlobalSection
EndGlobal
