
Microsoft Visual Studio Solution File, Format Version 12.00
# Visual Studio Version 17
VisualStudioVersion = 17.0.31903.59
MinimumVisualStudioVersion = 10.0.40219.1
Project("{FAE04EC0-301F-11D3-BF4B-00C04F79EFBC}") = "CoreLoader", "CoreLoader\CoreLoader.csproj", "{BD101F8D-7A2E-46E5-AF54-A9C98F4FBE60}"
EndProject
Project("{2150E333-8FDC-42A3-9474-1A3956D46DE8}") = "Examples", "Examples", "{B36A84DF-456D-A817-6EDD-3EC3E7F6E11F}"
EndProject
Project("{FAE04EC0-301F-11D3-BF4B-00C04F79EFBC}") = "HelloMod", "Examples\HelloMod\HelloMod.csproj", "{E96DEA3E-87BB-48F7-B032-E81A1B76AFC6}"
EndProject
Project("{2150E333-8FDC-42A3-9474-1A3956D46DE8}") = "Tests", "Tests", "{0AB3BF05-4346-4AA6-1389-037BE0695223}"
EndProject
Project("{FAE04EC0-301F-11D3-BF4B-00C04F79EFBC}") = "FaultyGuiMod", "Tests\FaultyGuiMod\FaultyGuiMod.csproj", "{CF915D00-4D46-4D51-A251-FD5A98C170DB}"
EndProject
Project("{FAE04EC0-301F-11D3-BF4B-00C04F79EFBC}") = "VarProbeMod", "Tests\VarProbeMod\VarProbeMod.csproj", "{DFECB911-FD84-4309-9658-2FF43AF65BCB}"
EndProject
Project("{2150E333-8FDC-42A3-9474-1A3956D46DE8}") = "Mods", "Mods", "{ED7DE66D-1FF1-BCCD-393E-2D4AFCA661A0}"
EndProject
Project("{FAE04EC0-301F-11D3-BF4B-00C04F79EFBC}") = "ScriptSpy", "Mods\ScriptSpy\ScriptSpy.csproj", "{AAB13C28-4694-4EEC-A80B-626F200A1C74}"
EndProject
Project("{FAE04EC0-301F-11D3-BF4B-00C04F79EFBC}") = "GlobalsEditor", "Mods\GlobalsEditor\GlobalsEditor.csproj", "{5C73247C-82DA-4562-B080-89D00C22048C}"
EndProject
Project("{FAE04EC0-301F-11D3-BF4B-00C04F79EFBC}") = "InstanceInspector", "Mods\InstanceInspector\InstanceInspector.csproj", "{D2F6DF91-3946-4EB1-BA1B-C97994311044}"
EndProject
Project("{FAE04EC0-301F-11D3-BF4B-00C04F79EFBC}") = "SpeedControl", "Mods\SpeedControl\SpeedControl.csproj", "{F0157804-9F39-46D8-B4E4-AC99D8404D6E}"
EndProject
Project("{FAE04EC0-301F-11D3-BF4B-00C04F79EFBC}") = "ReflectionProbe", "Tests\ReflectionProbe\ReflectionProbe.csproj", "{CCC94CDF-9EE0-4F3C-BDF7-1FE154E745AB}"
EndProject
Project("{FAE04EC0-301F-11D3-BF4B-00C04F79EFBC}") = "DwarfBoost", "Mods\DwarfBoost\DwarfBoost.csproj", "{616199AF-4D0D-4718-B216-9F74FFCFDCF1}"
EndProject
Project("{FAE04EC0-301F-11D3-BF4B-00C04F79EFBC}") = "StoneshardBoost", "Mods\StoneshardBoost\StoneshardBoost.csproj", "{36856743-CEF6-4B27-9301-90BBF54E9BFF}"
EndProject
Project("{FAE04EC0-301F-11D3-BF4B-00C04F79EFBC}") = "InteropExample", "Examples\InteropExample\InteropExample.csproj", "{3A963A66-7174-4826-A397-5545B4B96781}"
EndProject
Project("{FAE04EC0-301F-11D3-BF4B-00C04F79EFBC}") = "XpProbe", "Tests\XpProbe\XpProbe.csproj", "{5C24D84E-8987-459B-83D6-A3D48EF2FC58}"
EndProject
Global
	GlobalSection(SolutionConfigurationPlatforms) = preSolution
		Debug|Any CPU = Debug|Any CPU
		Debug|x64 = Debug|x64
		Debug|x86 = Debug|x86
		Release|Any CPU = Release|Any CPU
		Release|x64 = Release|x64
		Release|x86 = Release|x86
	EndGlobalSection
	GlobalSection(ProjectConfigurationPlatforms) = postSolution
		{BD101F8D-7A2E-46E5-AF54-A9C98F4FBE60}.Debug|Any CPU.ActiveCfg = Debug|x64
		{BD101F8D-7A2E-46E5-AF54-A9C98F4FBE60}.Debug|Any CPU.Build.0 = Debug|x64
		{BD101F8D-7A2E-46E5-AF54-A9C98F4FBE60}.Debug|x64.ActiveCfg = Debug|x64
		{BD101F8D-7A2E-46E5-AF54-A9C98F4FBE60}.Debug|x64.Build.0 = Debug|x64
		{BD101F8D-7A2E-46E5-AF54-A9C98F4FBE60}.Debug|x86.ActiveCfg = Debug|x64
		{BD101F8D-7A2E-46E5-AF54-A9C98F4FBE60}.Debug|x86.Build.0 = Debug|x64
		{BD101F8D-7A2E-46E5-AF54-A9C98F4FBE60}.Release|Any CPU.ActiveCfg = Release|x64
		{BD101F8D-7A2E-46E5-AF54-A9C98F4FBE60}.Release|Any CPU.Build.0 = Release|x64
		{BD101F8D-7A2E-46E5-AF54-A9C98F4FBE60}.Release|x64.ActiveCfg = Release|x64
		{BD101F8D-7A2E-46E5-AF54-A9C98F4FBE60}.Release|x64.Build.0 = Release|x64
		{BD101F8D-7A2E-46E5-AF54-A9C98F4FBE60}.Release|x86.ActiveCfg = Release|x64
		{BD101F8D-7A2E-46E5-AF54-A9C98F4FBE60}.Release|x86.Build.0 = Release|x64
		{E96DEA3E-87BB-48F7-B032-E81A1B76AFC6}.Debug|Any CPU.ActiveCfg = Debug|x64
		{E96DEA3E-87BB-48F7-B032-E81A1B76AFC6}.Debug|Any CPU.Build.0 = Debug|x64
		{E96DEA3E-87BB-48F7-B032-E81A1B76AFC6}.Debug|x64.ActiveCfg = Debug|x64
		{E96DEA3E-87BB-48F7-B032-E81A1B76AFC6}.Debug|x64.Build.0 = Debug|x64
		{E96DEA3E-87BB-48F7-B032-E81A1B76AFC6}.Debug|x86.ActiveCfg = Debug|x64
		{E96DEA3E-87BB-48F7-B032-E81A1B76AFC6}.Debug|x86.Build.0 = Debug|x64
		{E96DEA3E-87BB-48F7-B032-E81A1B76AFC6}.Release|Any CPU.ActiveCfg = Release|x64
		{E96DEA3E-87BB-48F7-B032-E81A1B76AFC6}.Release|Any CPU.Build.0 = Release|x64
		{E96DEA3E-87BB-48F7-B032-E81A1B76AFC6}.Release|x64.ActiveCfg = Release|x64
		{E96DEA3E-87BB-48F7-B032-E81A1B76AFC6}.Release|x64.Build.0 = Release|x64
		{E96DEA3E-87BB-48F7-B032-E81A1B76AFC6}.Release|x86.ActiveCfg = Release|x64
		{E96DEA3E-87BB-48F7-B032-E81A1B76AFC6}.Release|x86.Build.0 = Release|x64
		{CF915D00-4D46-4D51-A251-FD5A98C170DB}.Debug|Any CPU.ActiveCfg = Debug|x64
		{CF915D00-4D46-4D51-A251-FD5A98C170DB}.Debug|Any CPU.Build.0 = Debug|x64
		{CF915D00-4D46-4D51-A251-FD5A98C170DB}.Debug|x64.ActiveCfg = Debug|x64
		{CF915D00-4D46-4D51-A251-FD5A98C170DB}.Debug|x64.Build.0 = Debug|x64
		{CF915D00-4D46-4D51-A251-FD5A98C170DB}.Debug|x86.ActiveCfg = Debug|x64
		{CF915D00-4D46-4D51-A251-FD5A98C170DB}.Debug|x86.Build.0 = Debug|x64
		{CF915D00-4D46-4D51-A251-FD5A98C170DB}.Release|Any CPU.ActiveCfg = Release|x64
		{CF915D00-4D46-4D51-A251-FD5A98C170DB}.Release|Any CPU.Build.0 = Release|x64
		{CF915D00-4D46-4D51-A251-FD5A98C170DB}.Release|x64.ActiveCfg = Release|x64
		{CF915D00-4D46-4D51-A251-FD5A98C170DB}.Release|x64.Build.0 = Release|x64
		{CF915D00-4D46-4D51-A251-FD5A98C170DB}.Release|x86.ActiveCfg = Release|x64
		{CF915D00-4D46-4D51-A251-FD5A98C170DB}.Release|x86.Build.0 = Release|x64
		{DFECB911-FD84-4309-9658-2FF43AF65BCB}.Debug|Any CPU.ActiveCfg = Debug|x64
		{DFECB911-FD84-4309-9658-2FF43AF65BCB}.Debug|Any CPU.Build.0 = Debug|x64
		{DFECB911-FD84-4309-9658-2FF43AF65BCB}.Debug|x64.ActiveCfg = Debug|x64
		{DFECB911-FD84-4309-9658-2FF43AF65BCB}.Debug|x64.Build.0 = Debug|x64
		{DFECB911-FD84-4309-9658-2FF43AF65BCB}.Debug|x86.ActiveCfg = Debug|x64
		{DFECB911-FD84-4309-9658-2FF43AF65BCB}.Debug|x86.Build.0 = Debug|x64
		{DFECB911-FD84-4309-9658-2FF43AF65BCB}.Release|Any CPU.ActiveCfg = Release|x64
		{DFECB911-FD84-4309-9658-2FF43AF65BCB}.Release|Any CPU.Build.0 = Release|x64
		{DFECB911-FD84-4309-9658-2FF43AF65BCB}.Release|x64.ActiveCfg = Release|x64
		{DFECB911-FD84-4309-9658-2FF43AF65BCB}.Release|x64.Build.0 = Release|x64
		{DFECB911-FD84-4309-9658-2FF43AF65BCB}.Release|x86.ActiveCfg = Release|x64
		{DFECB911-FD84-4309-9658-2FF43AF65BCB}.Release|x86.Build.0 = Release|x64
		{AAB13C28-4694-4EEC-A80B-626F200A1C74}.Debug|Any CPU.ActiveCfg = Debug|x64
		{AAB13C28-4694-4EEC-A80B-626F200A1C74}.Debug|Any CPU.Build.0 = Debug|x64
		{AAB13C28-4694-4EEC-A80B-626F200A1C74}.Debug|x64.ActiveCfg = Debug|x64
		{AAB13C28-4694-4EEC-A80B-626F200A1C74}.Debug|x64.Build.0 = Debug|x64
		{AAB13C28-4694-4EEC-A80B-626F200A1C74}.Debug|x86.ActiveCfg = Debug|x64
		{AAB13C28-4694-4EEC-A80B-626F200A1C74}.Debug|x86.Build.0 = Debug|x64
		{AAB13C28-4694-4EEC-A80B-626F200A1C74}.Release|Any CPU.ActiveCfg = Release|x64
		{AAB13C28-4694-4EEC-A80B-626F200A1C74}.Release|Any CPU.Build.0 = Release|x64
		{AAB13C28-4694-4EEC-A80B-626F200A1C74}.Release|x64.ActiveCfg = Release|x64
		{AAB13C28-4694-4EEC-A80B-626F200A1C74}.Release|x64.Build.0 = Release|x64
		{AAB13C28-4694-4EEC-A80B-626F200A1C74}.Release|x86.ActiveCfg = Release|x64
		{AAB13C28-4694-4EEC-A80B-626F200A1C74}.Release|x86.Build.0 = Release|x64
		{5C73247C-82DA-4562-B080-89D00C22048C}.Debug|Any CPU.ActiveCfg = Debug|x64
		{5C73247C-82DA-4562-B080-89D00C22048C}.Debug|Any CPU.Build.0 = Debug|x64
		{5C73247C-82DA-4562-B080-89D00C22048C}.Debug|x64.ActiveCfg = Debug|x64
		{5C73247C-82DA-4562-B080-89D00C22048C}.Debug|x64.Build.0 = Debug|x64
		{5C73247C-82DA-4562-B080-89D00C22048C}.Debug|x86.ActiveCfg = Debug|x64
		{5C73247C-82DA-4562-B080-89D00C22048C}.Debug|x86.Build.0 = Debug|x64
		{5C73247C-82DA-4562-B080-89D00C22048C}.Release|Any CPU.ActiveCfg = Release|x64
		{5C73247C-82DA-4562-B080-89D00C22048C}.Release|Any CPU.Build.0 = Release|x64
		{5C73247C-82DA-4562-B080-89D00C22048C}.Release|x64.ActiveCfg = Release|x64
		{5C73247C-82DA-4562-B080-89D00C22048C}.Release|x64.Build.0 = Release|x64
		{5C73247C-82DA-4562-B080-89D00C22048C}.Release|x86.ActiveCfg = Release|x64
		{5C73247C-82DA-4562-B080-89D00C22048C}.Release|x86.Build.0 = Release|x64
		{D2F6DF91-3946-4EB1-BA1B-C97994311044}.Debug|Any CPU.ActiveCfg = Debug|x64
		{D2F6DF91-3946-4EB1-BA1B-C97994311044}.Debug|Any CPU.Build.0 = Debug|x64
		{D2F6DF91-3946-4EB1-BA1B-C97994311044}.Debug|x64.ActiveCfg = Debug|x64
		{D2F6DF91-3946-4EB1-BA1B-C97994311044}.Debug|x64.Build.0 = Debug|x64
		{D2F6DF91-3946-4EB1-BA1B-C97994311044}.Debug|x86.ActiveCfg = Debug|x64
		{D2F6DF91-3946-4EB1-BA1B-C97994311044}.Debug|x86.Build.0 = Debug|x64
		{D2F6DF91-3946-4EB1-BA1B-C97994311044}.Release|Any CPU.ActiveCfg = Release|x64
		{D2F6DF91-3946-4EB1-BA1B-C97994311044}.Release|Any CPU.Build.0 = Release|x64
		{D2F6DF91-3946-4EB1-BA1B-C97994311044}.Release|x64.ActiveCfg = Release|x64
		{D2F6DF91-3946-4EB1-BA1B-C97994311044}.Release|x64.Build.0 = Release|x64
		{D2F6DF91-3946-4EB1-BA1B-C97994311044}.Release|x86.ActiveCfg = Release|x64
		{D2F6DF91-3946-4EB1-BA1B-C97994311044}.Release|x86.Build.0 = Release|x64
		{F0157804-9F39-46D8-B4E4-AC99D8404D6E}.Debug|Any CPU.ActiveCfg = Debug|x64
		{F0157804-9F39-46D8-B4E4-AC99D8404D6E}.Debug|Any CPU.Build.0 = Debug|x64
		{F0157804-9F39-46D8-B4E4-AC99D8404D6E}.Debug|x64.ActiveCfg = Debug|x64
		{F0157804-9F39-46D8-B4E4-AC99D8404D6E}.Debug|x64.Build.0 = Debug|x64
		{F0157804-9F39-46D8-B4E4-AC99D8404D6E}.Debug|x86.ActiveCfg = Debug|x64
		{F0157804-9F39-46D8-B4E4-AC99D8404D6E}.Debug|x86.Build.0 = Debug|x64
		{F0157804-9F39-46D8-B4E4-AC99D8404D6E}.Release|Any CPU.ActiveCfg = Release|x64
		{F0157804-9F39-46D8-B4E4-AC99D8404D6E}.Release|Any CPU.Build.0 = Release|x64
		{F0157804-9F39-46D8-B4E4-AC99D8404D6E}.Release|x64.ActiveCfg = Release|x64
		{F0157804-9F39-46D8-B4E4-AC99D8404D6E}.Release|x64.Build.0 = Release|x64
		{F0157804-9F39-46D8-B4E4-AC99D8404D6E}.Release|x86.ActiveCfg = Release|x64
		{F0157804-9F39-46D8-B4E4-AC99D8404D6E}.Release|x86.Build.0 = Release|x64
		{CCC94CDF-9EE0-4F3C-BDF7-1FE154E745AB}.Debug|Any CPU.ActiveCfg = Debug|x64
		{CCC94CDF-9EE0-4F3C-BDF7-1FE154E745AB}.Debug|Any CPU.Build.0 = Debug|x64
		{CCC94CDF-9EE0-4F3C-BDF7-1FE154E745AB}.Debug|x64.ActiveCfg = Debug|x64
		{CCC94CDF-9EE0-4F3C-BDF7-1FE154E745AB}.Debug|x64.Build.0 = Debug|x64
		{CCC94CDF-9EE0-4F3C-BDF7-1FE154E745AB}.Debug|x86.ActiveCfg = Debug|x64
		{CCC94CDF-9EE0-4F3C-BDF7-1FE154E745AB}.Debug|x86.Build.0 = Debug|x64
		{CCC94CDF-9EE0-4F3C-BDF7-1FE154E745AB}.Release|Any CPU.ActiveCfg = Release|x64
		{CCC94CDF-9EE0-4F3C-BDF7-1FE154E745AB}.Release|Any CPU.Build.0 = Release|x64
		{CCC94CDF-9EE0-4F3C-BDF7-1FE154E745AB}.Release|x64.ActiveCfg = Release|x64
		{CCC94CDF-9EE0-4F3C-BDF7-1FE154E745AB}.Release|x64.Build.0 = Release|x64
		{CCC94CDF-9EE0-4F3C-BDF7-1FE154E745AB}.Release|x86.ActiveCfg = Release|x64
		{CCC94CDF-9EE0-4F3C-BDF7-1FE154E745AB}.Release|x86.Build.0 = Release|x64
		{616199AF-4D0D-4718-B216-9F74FFCFDCF1}.Debug|Any CPU.ActiveCfg = Debug|x64
		{616199AF-4D0D-4718-B216-9F74FFCFDCF1}.Debug|Any CPU.Build.0 = Debug|x64
		{616199AF-4D0D-4718-B216-9F74FFCFDCF1}.Debug|x64.ActiveCfg = Debug|x64
		{616199AF-4D0D-4718-B216-9F74FFCFDCF1}.Debug|x64.Build.0 = Debug|x64
		{616199AF-4D0D-4718-B216-9F74FFCFDCF1}.Debug|x86.ActiveCfg = Debug|x64
		{616199AF-4D0D-4718-B216-9F74FFCFDCF1}.Debug|x86.Build.0 = Debug|x64
		{616199AF-4D0D-4718-B216-9F74FFCFDCF1}.Release|Any CPU.ActiveCfg = Release|x64
		{616199AF-4D0D-4718-B216-9F74FFCFDCF1}.Release|Any CPU.Build.0 = Release|x64
		{616199AF-4D0D-4718-B216-9F74FFCFDCF1}.Release|x64.ActiveCfg = Release|x64
		{616199AF-4D0D-4718-B216-9F74FFCFDCF1}.Release|x64.Build.0 = Release|x64
		{616199AF-4D0D-4718-B216-9F74FFCFDCF1}.Release|x86.ActiveCfg = Release|x64
		{616199AF-4D0D-4718-B216-9F74FFCFDCF1}.Release|x86.Build.0 = Release|x64
		{36856743-CEF6-4B27-9301-90BBF54E9BFF}.Debug|Any CPU.ActiveCfg = Debug|x64
		{36856743-CEF6-4B27-9301-90BBF54E9BFF}.Debug|Any CPU.Build.0 = Debug|x64
		{36856743-CEF6-4B27-9301-90BBF54E9BFF}.Debug|x64.ActiveCfg = Debug|x64
		{36856743-CEF6-4B27-9301-90BBF54E9BFF}.Debug|x64.Build.0 = Debug|x64
		{36856743-CEF6-4B27-9301-90BBF54E9BFF}.Debug|x86.ActiveCfg = Debug|x64
		{36856743-CEF6-4B27-9301-90BBF54E9BFF}.Debug|x86.Build.0 = Debug|x64
		{36856743-CEF6-4B27-9301-90BBF54E9BFF}.Release|Any CPU.ActiveCfg = Release|x64
		{36856743-CEF6-4B27-9301-90BBF54E9BFF}.Release|Any CPU.Build.0 = Release|x64
		{36856743-CEF6-4B27-9301-90BBF54E9BFF}.Release|x64.ActiveCfg = Release|x64
		{36856743-CEF6-4B27-9301-90BBF54E9BFF}.Release|x64.Build.0 = Release|x64
		{36856743-CEF6-4B27-9301-90BBF54E9BFF}.Release|x86.ActiveCfg = Release|x64
		{36856743-CEF6-4B27-9301-90BBF54E9BFF}.Release|x86.Build.0 = Release|x64
		{3A963A66-7174-4826-A397-5545B4B96781}.Debug|Any CPU.ActiveCfg = Debug|x64
		{3A963A66-7174-4826-A397-5545B4B96781}.Debug|Any CPU.Build.0 = Debug|x64
		{3A963A66-7174-4826-A397-5545B4B96781}.Debug|x64.ActiveCfg = Debug|x64
		{3A963A66-7174-4826-A397-5545B4B96781}.Debug|x64.Build.0 = Debug|x64
		{3A963A66-7174-4826-A397-5545B4B96781}.Debug|x86.ActiveCfg = Debug|x64
		{3A963A66-7174-4826-A397-5545B4B96781}.Debug|x86.Build.0 = Debug|x64
		{3A963A66-7174-4826-A397-5545B4B96781}.Release|Any CPU.ActiveCfg = Release|x64
		{3A963A66-7174-4826-A397-5545B4B96781}.Release|Any CPU.Build.0 = Release|x64
		{3A963A66-7174-4826-A397-5545B4B96781}.Release|x64.ActiveCfg = Release|x64
		{3A963A66-7174-4826-A397-5545B4B96781}.Release|x64.Build.0 = Release|x64
		{3A963A66-7174-4826-A397-5545B4B96781}.Release|x86.ActiveCfg = Release|x64
		{3A963A66-7174-4826-A397-5545B4B96781}.Release|x86.Build.0 = Release|x64
		{5C24D84E-8987-459B-83D6-A3D48EF2FC58}.Debug|Any CPU.ActiveCfg = Debug|x64
		{5C24D84E-8987-459B-83D6-A3D48EF2FC58}.Debug|Any CPU.Build.0 = Debug|x64
		{5C24D84E-8987-459B-83D6-A3D48EF2FC58}.Debug|x64.ActiveCfg = Debug|x64
		{5C24D84E-8987-459B-83D6-A3D48EF2FC58}.Debug|x64.Build.0 = Debug|x64
		{5C24D84E-8987-459B-83D6-A3D48EF2FC58}.Debug|x86.ActiveCfg = Debug|x64
		{5C24D84E-8987-459B-83D6-A3D48EF2FC58}.Debug|x86.Build.0 = Debug|x64
		{5C24D84E-8987-459B-83D6-A3D48EF2FC58}.Release|Any CPU.ActiveCfg = Release|x64
		{5C24D84E-8987-459B-83D6-A3D48EF2FC58}.Release|Any CPU.Build.0 = Release|x64
		{5C24D84E-8987-459B-83D6-A3D48EF2FC58}.Release|x64.ActiveCfg = Release|x64
		{5C24D84E-8987-459B-83D6-A3D48EF2FC58}.Release|x64.Build.0 = Release|x64
		{5C24D84E-8987-459B-83D6-A3D48EF2FC58}.Release|x86.ActiveCfg = Release|x64
		{5C24D84E-8987-459B-83D6-A3D48EF2FC58}.Release|x86.Build.0 = Release|x64
	EndGlobalSection
	GlobalSection(SolutionProperties) = preSolution
		HideSolutionNode = FALSE
	EndGlobalSection
	GlobalSection(NestedProjects) = preSolution
		{E96DEA3E-87BB-48F7-B032-E81A1B76AFC6} = {B36A84DF-456D-A817-6EDD-3EC3E7F6E11F}
		{CF915D00-4D46-4D51-A251-FD5A98C170DB} = {0AB3BF05-4346-4AA6-1389-037BE0695223}
		{DFECB911-FD84-4309-9658-2FF43AF65BCB} = {0AB3BF05-4346-4AA6-1389-037BE0695223}
		{AAB13C28-4694-4EEC-A80B-626F200A1C74} = {ED7DE66D-1FF1-BCCD-393E-2D4AFCA661A0}
		{5C73247C-82DA-4562-B080-89D00C22048C} = {ED7DE66D-1FF1-BCCD-393E-2D4AFCA661A0}
		{D2F6DF91-3946-4EB1-BA1B-C97994311044} = {ED7DE66D-1FF1-BCCD-393E-2D4AFCA661A0}
		{F0157804-9F39-46D8-B4E4-AC99D8404D6E} = {ED7DE66D-1FF1-BCCD-393E-2D4AFCA661A0}
		{CCC94CDF-9EE0-4F3C-BDF7-1FE154E745AB} = {0AB3BF05-4346-4AA6-1389-037BE0695223}
		{616199AF-4D0D-4718-B216-9F74FFCFDCF1} = {ED7DE66D-1FF1-BCCD-393E-2D4AFCA661A0}
		{36856743-CEF6-4B27-9301-90BBF54E9BFF} = {ED7DE66D-1FF1-BCCD-393E-2D4AFCA661A0}
		{3A963A66-7174-4826-A397-5545B4B96781} = {B36A84DF-456D-A817-6EDD-3EC3E7F6E11F}
		{5C24D84E-8987-459B-83D6-A3D48EF2FC58} = {0AB3BF05-4346-4AA6-1389-037BE0695223}
	EndGlobalSection
EndGlobal
